
Microsoft Visual Studio Solution File, Format Version 12.00
# Visual Studio 2013
VisualStudioVersion = 12.0.30501.0
MinimumVisualStudioVersion = 10.0.40219.1
Project("{FAE04EC0-301F-11D3-BF4B-00C04F79EFBC}") = "X10Test", "X10Test\X10Test.csproj", "{00065EB2-D5D8-4104-80D1-1480175CA17C}"
EndProject
Project("{FAE04EC0-301F-11D3-BF4B-00C04F79EFBC}") = "HouseControl.Library", "HouseControl.Library\HouseControl.Library.csproj", "{B9044E4D-22FE-4CD2-AD87-2FBFD6F2CE7E}"
EndProject
Global
	GlobalSection(SolutionConfigurationPlatforms) = preSolution
		Debug|Any CPU = Debug|Any CPU
		Release|Any CPU = Release|Any CPU
	EndGlobalSection
	GlobalSection(ProjectConfigurationPlatforms) = postSolution
		{00065EB2-D5D8-4104-80D1-1480175CA17C}.Debug|Any CPU.ActiveCfg = Debug|Any CPU
		{00065EB2-D5D8-4104-80D1-1480175CA17C}.Debug|Any CPU.Build.0 = Debug|Any CPU
		{00065EB2-D5D8-4104-80D1-1480175CA17C}.Release|Any CPU.ActiveCfg = Release|Any CPU
		{00065EB2-D5D8-4104-80D1-1480175CA17C}.Release|Any CPU.Build.0 = Release|Any CPU
		{B9044E4D-22FE-4CD2-AD87-2FBFD6F2CE7E}.Debug|Any CPU.ActiveCfg = Debug|Any CPU
		{B9044E4D-22FE-4CD2-AD87-2FBFD6F2CE7E}.Debug|Any CPU.Build.0 = Debug|Any CPU
		{B9044E4D-22FE-4CD2-AD87-2FBFD6F2CE7E}.Release|Any CPU.ActiveCfg = Release|Any CPU
		{B9044E4D-22FE-4CD2-AD87-2FBFD6F2CE7E}.Release|Any CPU.Build.0 = Release|Any CPU
	EndGlobalSection
	GlobalSection(SolutionProperties) = preSolution
		HideSolutionNode = FALSE
	EndGlobalSection
EndGlobal
