
Microsoft Visual Studio Solution File, Format Version 12.00
# Visual Studio Version 16
VisualStudioVersion = 16.0.29102.190
MinimumVisualStudioVersion = 10.0.40219.1
Project("{9A19103F-16F7-4668-BE54-9A1E7A4F7556}") = "People.Service", "People.Service\People.Service.csproj", "{7CA7ABCC-8065-423F-964E-0135D83ADB02}"
EndProject
Project("{2150E333-8FDC-42A3-9474-1A3956D46DE8}") = "Shared", "Shared", "{817DFB31-DAED-403F-9FAD-312AF1E2CE89}"
EndProject
Project("{2150E333-8FDC-42A3-9474-1A3956D46DE8}") = "Services", "Services", "{7C50B4E7-1FB5-45B6-8AB3-5C0409109CB3}"
EndProject
Project("{FAE04EC0-301F-11D3-BF4B-00C04F79EFBC}") = "PeopleViewer", "PeopleViewer\PeopleViewer.csproj", "{E3FC00AA-A9E7-4E6F-9DDC-5E7C1D21E53A}"
EndProject
Project("{2150E333-8FDC-42A3-9474-1A3956D46DE8}") = "Application View", "Application View", "{DB58D260-0DDF-45D3-9A65-9D0464733819}"
EndProject
Project("{2150E333-8FDC-42A3-9474-1A3956D46DE8}") = "Presentation", "Presentation", "{E46C5347-AEE9-4C96-96BC-F1B0C549A01C}"
EndProject
Project("{9A19103F-16F7-4668-BE54-9A1E7A4F7556}") = "PeopleViewer.Presentation", "PeopleViewer.Presentation\PeopleViewer.Presentation.csproj", "{12581640-1ECC-44D0-9A6B-66B28FFFE65F}"
EndProject
Project("{2150E333-8FDC-42A3-9474-1A3956D46DE8}") = "Repositories", "Repositories", "{A7B96D7E-CCC5-42B8-964F-D87FE42B0074}"
EndProject
Project("{9A19103F-16F7-4668-BE54-9A1E7A4F7556}") = "PeopleViewer.Common", "PeopleViewer.Common\PeopleViewer.Common.csproj", "{CCCC604D-6CEA-408C-8E6A-A55BC13AEF4C}"
EndProject
Project("{2150E333-8FDC-42A3-9474-1A3956D46DE8}") = "Testing", "Testing", "{18E2B392-9B4D-4AC3-816C-996BC277E3B9}"
EndProject
Project("{9A19103F-16F7-4668-BE54-9A1E7A4F7556}") = "PeopleViewer.Presentation.Tests", "PeopleViewer.Presentation.Tests\PeopleViewer.Presentation.Tests.csproj", "{8A7326B0-E013-4FFC-AD35-08DB48625F57}"
EndProject
Project("{FAE04EC0-301F-11D3-BF4B-00C04F79EFBC}") = "PeopleViewer.Autofac", "PeopleViewer.Autofac\PeopleViewer.Autofac.csproj", "{A5FABB87-D85D-4798-B034-126BBC42F954}"
EndProject
Project("{FAE04EC0-301F-11D3-BF4B-00C04F79EFBC}") = "PeopleViewer.Autofac.LateBinding", "PeopleViewer.Autofac.LateBinding\PeopleViewer.Autofac.LateBinding.csproj", "{044E1A30-D32C-41E5-B9A6-E607FA74E8C4}"
EndProject
Project("{FAE04EC0-301F-11D3-BF4B-00C04F79EFBC}") = "PeopleViewer.Ninject", "PeopleViewer.Ninject\PeopleViewer.Ninject.csproj", "{7B890524-1524-41DE-B22B-CBB97EDD7C80}"
EndProject
Project("{9A19103F-16F7-4668-BE54-9A1E7A4F7556}") = "PersonReader.CSV.Tests", "PersonReader.CSV.Tests\PersonReader.CSV.Tests.csproj", "{9C6FDFA2-48B7-47CC-8D0E-8CD623CD0266}"
EndProject
Project("{9A19103F-16F7-4668-BE54-9A1E7A4F7556}") = "PersonReader.CSV", "PersonReader.CSV\PersonReader.CSV.csproj", "{2969E486-CC2D-43FF-951C-97ED0FE9E62F}"
EndProject
Project("{9A19103F-16F7-4668-BE54-9A1E7A4F7556}") = "PersonReader.Decorators", "PersonReader.Decorators\PersonReader.Decorators.csproj", "{6D5F21C4-C8DF-499A-B86E-6F7E72A68150}"
EndProject
Project("{9A19103F-16F7-4668-BE54-9A1E7A4F7556}") = "PersonReader.SQL", "PersonReader.SQL\PersonReader.SQL.csproj", "{F944B554-5413-4C07-A577-2CB8C39B9F77}"
EndProject
Project("{9A19103F-16F7-4668-BE54-9A1E7A4F7556}") = "PersonReader.Service", "PersonReader.Service\PersonReader.Service.csproj", "{7902994D-35DC-412B-B080-533908F5F707}"
EndProject
Global
	GlobalSection(SolutionConfigurationPlatforms) = preSolution
		Debug|Any CPU = Debug|Any CPU
		Release|Any CPU = Release|Any CPU
	EndGlobalSection
	GlobalSection(ProjectConfigurationPlatforms) = postSolution
		{7CA7ABCC-8065-423F-964E-0135D83ADB02}.Debug|Any CPU.ActiveCfg = Debug|Any CPU
		{7CA7ABCC-8065-423F-964E-0135D83ADB02}.Debug|Any CPU.Build.0 = Debug|Any CPU
		{7CA7ABCC-8065-423F-964E-0135D83ADB02}.Release|Any CPU.ActiveCfg = Release|Any CPU
		{7CA7ABCC-8065-423F-964E-0135D83ADB02}.Release|Any CPU.Build.0 = Release|Any CPU
		{E3FC00AA-A9E7-4E6F-9DDC-5E7C1D21E53A}.Debug|Any CPU.ActiveCfg = Debug|Any CPU
		{E3FC00AA-A9E7-4E6F-9DDC-5E7C1D21E53A}.Debug|Any CPU.Build.0 = Debug|Any CPU
		{E3FC00AA-A9E7-4E6F-9DDC-5E7C1D21E53A}.Release|Any CPU.ActiveCfg = Release|Any CPU
		{E3FC00AA-A9E7-4E6F-9DDC-5E7C1D21E53A}.Release|Any CPU.Build.0 = Release|Any CPU
		{12581640-1ECC-44D0-9A6B-66B28FFFE65F}.Debug|Any CPU.ActiveCfg = Debug|Any CPU
		{12581640-1ECC-44D0-9A6B-66B28FFFE65F}.Debug|Any CPU.Build.0 = Debug|Any CPU
		{12581640-1ECC-44D0-9A6B-66B28FFFE65F}.Release|Any CPU.ActiveCfg = Release|Any CPU
		{12581640-1ECC-44D0-9A6B-66B28FFFE65F}.Release|Any CPU.Build.0 = Release|Any CPU
		{CCCC604D-6CEA-408C-8E6A-A55BC13AEF4C}.Debug|Any CPU.ActiveCfg = Debug|Any CPU
		{CCCC604D-6CEA-408C-8E6A-A55BC13AEF4C}.Debug|Any CPU.Build.0 = Debug|Any CPU
		{CCCC604D-6CEA-408C-8E6A-A55BC13AEF4C}.Release|Any CPU.ActiveCfg = Release|Any CPU
		{CCCC604D-6CEA-408C-8E6A-A55BC13AEF4C}.Release|Any CPU.Build.0 = Release|Any CPU
		{8A7326B0-E013-4FFC-AD35-08DB48625F57}.Debug|Any CPU.ActiveCfg = Debug|Any CPU
		{8A7326B0-E013-4FFC-AD35-08DB48625F57}.Debug|Any CPU.Build.0 = Debug|Any CPU
		{8A7326B0-E013-4FFC-AD35-08DB48625F57}.Release|Any CPU.ActiveCfg = Release|Any CPU
		{8A7326B0-E013-4FFC-AD35-08DB48625F57}.Release|Any CPU.Build.0 = Release|Any CPU
		{A5FABB87-D85D-4798-B034-126BBC42F954}.Debug|Any CPU.ActiveCfg = Debug|Any CPU
		{A5FABB87-D85D-4798-B034-126BBC42F954}.Debug|Any CPU.Build.0 = Debug|Any CPU
		{A5FABB87-D85D-4798-B034-126BBC42F954}.Release|Any CPU.ActiveCfg = Release|Any CPU
		{A5FABB87-D85D-4798-B034-126BBC42F954}.Release|Any CPU.Build.0 = Release|Any CPU
		{044E1A30-D32C-41E5-B9A6-E607FA74E8C4}.Debug|Any CPU.ActiveCfg = Debug|Any CPU
		{044E1A30-D32C-41E5-B9A6-E607FA74E8C4}.Debug|Any CPU.Build.0 = Debug|Any CPU
		{044E1A30-D32C-41E5-B9A6-E607FA74E8C4}.Release|Any CPU.ActiveCfg = Release|Any CPU
		{044E1A30-D32C-41E5-B9A6-E607FA74E8C4}.Release|Any CPU.Build.0 = Release|Any CPU
		{7B890524-1524-41DE-B22B-CBB97EDD7C80}.Debug|Any CPU.ActiveCfg = Debug|Any CPU
		{7B890524-1524-41DE-B22B-CBB97EDD7C80}.Debug|Any CPU.Build.0 = Debug|Any CPU
		{7B890524-1524-41DE-B22B-CBB97EDD7C80}.Release|Any CPU.ActiveCfg = Release|Any CPU
		{7B890524-1524-41DE-B22B-CBB97EDD7C80}.Release|Any CPU.Build.0 = Release|Any CPU
		{9C6FDFA2-48B7-47CC-8D0E-8CD623CD0266}.Debug|Any CPU.ActiveCfg = Debug|Any CPU
		{9C6FDFA2-48B7-47CC-8D0E-8CD623CD0266}.Debug|Any CPU.Build.0 = Debug|Any CPU
		{9C6FDFA2-48B7-47CC-8D0E-8CD623CD0266}.Release|Any CPU.ActiveCfg = Release|Any CPU
		{9C6FDFA2-48B7-47CC-8D0E-8CD623CD0266}.Release|Any CPU.Build.0 = Release|Any CPU
		{2969E486-CC2D-43FF-951C-97ED0FE9E62F}.Debug|Any CPU.ActiveCfg = Debug|Any CPU
		{2969E486-CC2D-43FF-951C-97ED0FE9E62F}.Debug|Any CPU.Build.0 = Debug|Any CPU
		{2969E486-CC2D-43FF-951C-97ED0FE9E62F}.Release|Any CPU.ActiveCfg = Release|Any CPU
		{2969E486-CC2D-43FF-951C-97ED0FE9E62F}.Release|Any CPU.Build.0 = Release|Any CPU
		{6D5F21C4-C8DF-499A-B86E-6F7E72A68150}.Debug|Any CPU.ActiveCfg = Debug|Any CPU
		{6D5F21C4-C8DF-499A-B86E-6F7E72A68150}.Debug|Any CPU.Build.0 = Debug|Any CPU
		{6D5F21C4-C8DF-499A-B86E-6F7E72A68150}.Release|Any CPU.ActiveCfg = Release|Any CPU
		{6D5F21C4-C8DF-499A-B86E-6F7E72A68150}.Release|Any CPU.Build.0 = Release|Any CPU
		{F944B554-5413-4C07-A577-2CB8C39B9F77}.Debug|Any CPU.ActiveCfg = Debug|Any CPU
		{F944B554-5413-4C07-A577-2CB8C39B9F77}.Debug|Any CPU.Build.0 = Debug|Any CPU
		{F944B554-5413-4C07-A577-2CB8C39B9F77}.Release|Any CPU.ActiveCfg = Release|Any CPU
		{F944B554-5413-4C07-A577-2CB8C39B9F77}.Release|Any CPU.Build.0 = Release|Any CPU
		{7902994D-35DC-412B-B080-533908F5F707}.Debug|Any CPU.ActiveCfg = Debug|Any CPU
		{7902994D-35DC-412B-B080-533908F5F707}.Debug|Any CPU.Build.0 = Debug|Any CPU
		{7902994D-35DC-412B-B080-533908F5F707}.Release|Any CPU.ActiveCfg = Release|Any CPU
		{7902994D-35DC-412B-B080-533908F5F707}.Release|Any CPU.Build.0 = Release|Any CPU
	EndGlobalSection
	GlobalSection(SolutionProperties) = preSolution
		HideSolutionNode = FALSE
	EndGlobalSection
	GlobalSection(NestedProjects) = preSolution
		{7CA7ABCC-8065-423F-964E-0135D83ADB02} = {7C50B4E7-1FB5-45B6-8AB3-5C0409109CB3}
		{E3FC00AA-A9E7-4E6F-9DDC-5E7C1D21E53A} = {DB58D260-0DDF-45D3-9A65-9D0464733819}
		{12581640-1ECC-44D0-9A6B-66B28FFFE65F} = {E46C5347-AEE9-4C96-96BC-F1B0C549A01C}
		{CCCC604D-6CEA-408C-8E6A-A55BC13AEF4C} = {817DFB31-DAED-403F-9FAD-312AF1E2CE89}
		{8A7326B0-E013-4FFC-AD35-08DB48625F57} = {18E2B392-9B4D-4AC3-816C-996BC277E3B9}
		{A5FABB87-D85D-4798-B034-126BBC42F954} = {DB58D260-0DDF-45D3-9A65-9D0464733819}
		{044E1A30-D32C-41E5-B9A6-E607FA74E8C4} = {DB58D260-0DDF-45D3-9A65-9D0464733819}
		{7B890524-1524-41DE-B22B-CBB97EDD7C80} = {DB58D260-0DDF-45D3-9A65-9D0464733819}
		{9C6FDFA2-48B7-47CC-8D0E-8CD623CD0266} = {18E2B392-9B4D-4AC3-816C-996BC277E3B9}
		{2969E486-CC2D-43FF-951C-97ED0FE9E62F} = {A7B96D7E-CCC5-42B8-964F-D87FE42B0074}
		{6D5F21C4-C8DF-499A-B86E-6F7E72A68150} = {A7B96D7E-CCC5-42B8-964F-D87FE42B0074}
		{F944B554-5413-4C07-A577-2CB8C39B9F77} = {A7B96D7E-CCC5-42B8-964F-D87FE42B0074}
		{7902994D-35DC-412B-B080-533908F5F707} = {A7B96D7E-CCC5-42B8-964F-D87FE42B0074}
	EndGlobalSection
	GlobalSection(ExtensibilityGlobals) = postSolution
		SolutionGuid = {62280A51-57F7-4AEB-B108-3A00B1574DEA}
	EndGlobalSection
EndGlobal
